<!doctype html>
<html lang="en">
  <head>
    <meta charset="UTF-8" />
    <link rel="icon" type="image/svg+xml" href="/vite.svg" />
    <meta name="viewport" content="width=device-width, initial-scale=1.0" />
    <title>MacroBuddy - Your Smart Nutrition Companion</title>
    <meta name="description" content="MacroBuddy is your smart nutrition companion that helps you track macros, calculate nutrition targets, and maintain healthy eating habits with gamified streaks and AI-powered recommendations." />
    <meta name="keywords" content="nutrition, macros, health, fitness, meal tracking, calorie counter, protein, carbs, fats" />
    <meta name="author" content="MacroBuddy Team" />
    <meta property="og:title" content="MacroBuddy - Your Smart Nutrition Companion" />
    <meta property="og:description" content="Track your nutrition, calculate your targets, and build healthy habits with MacroBuddy's smart features." />
    <meta property="og:type" content="website" />
    <meta name="twitter:card" content="summary_large_image" />
    <meta name="twitter:title" content="MacroBuddy - Your Smart Nutrition Companion" />
    <meta name="twitter:description" content="Track your nutrition, calculate your targets, and build healthy habits with MacroBuddy's smart features." />
  </head>
  <body>
    <div id="root"></div>
    <script type="module" src="/src/main.jsx"></script>
  </body>
</html>
